
Microsoft Visual Studio Solution File, Format Version 12.00
# Visual Studio 15
VisualStudioVersion = 15.0.28010.2016
MinimumVisualStudioVersion = 10.0.40219.1
Project("{FAE04EC0-301F-11D3-BF4B-00C04F79EFBC}") = "formula", "formula\formula.csproj", "{3069A24F-458A-467D-B9EC-B4E2B12876E5}"
EndProject
Global
	GlobalSection(SolutionConfigurationPlatforms) = preSolution
		Debug|Any CPU = Debug|Any CPU
		Release|Any CPU = Release|Any CPU
	EndGlobalSection
	GlobalSection(ProjectConfigurationPlatforms) = postSolution
		{3069A24F-458A-467D-B9EC-B4E2B12876E5}.Debug|Any CPU.ActiveCfg = Debug|Any CPU
		{3069A24F-458A-467D-B9EC-B4E2B12876E5}.Debug|Any CPU.Build.0 = Debug|Any CPU
		{3069A24F-458A-467D-B9EC-B4E2B12876E5}.Release|Any CPU.ActiveCfg = Release|Any CPU
		{3069A24F-458A-467D-B9EC-B4E2B12876E5}.Release|Any CPU.Build.0 = Release|Any CPU
	EndGlobalSection
	GlobalSection(SolutionProperties) = preSolution
		HideSolutionNode = FALSE
	EndGlobalSection
	GlobalSection(ExtensibilityGlobals) = postSolution
		SolutionGuid = {893278E1-88C5-450B-814B-D91F677152A2}
	EndGlobalSection
EndGlobal
